
Microsoft Visual Studio Solution File, Format Version 12.00
# Visual Studio Version 17
VisualStudioVersion = 17.14.36310.24
MinimumVisualStudioVersion = 10.0.40219.1
Project("{FAE04EC0-301F-11D3-BF4B-00C04F79EFBC}") = "Assignment1", "Assignment1\Assignment1.csproj", "{A608D67C-CF09-4E1A-9AFE-B5791106B13F}"
EndProject
Project("{FAE04EC0-301F-11D3-BF4B-00C04F79EFBC}") = "Assignment2", "Assignment2\Assignment2.csproj", "{FC41AF8E-A10E-4AF2-900B-B03FC766B837}"
EndProject
Project("{FAE04EC0-301F-11D3-BF4B-00C04F79EFBC}") = "Assignment3", "Assignment3\Assignment3.csproj", "{6A62BD5F-FA0D-4059-A340-501FC5F05D70}"
EndProject
Project("{FAE04EC0-301F-11D3-BF4B-00C04F79EFBC}") = "Assignment5", "Assignment5\Assignment5.csproj", "{CE2207D3-0238-4246-B12E-8A0703105600}"
EndProject
Project("{FAE04EC0-301F-11D3-BF4B-00C04F79EFBC}") = "Assignment4", "Assignment4\Assignment4.csproj", "{742A7C19-C2C2-4373-98A4-5FDDDA926A5B}"
EndProject
Project("{FAE04EC0-301F-11D3-BF4B-00C04F79EFBC}") = "Assignment7", "Assignment7\Assignment7.csproj", "{39C97C2C-1EB6-44C9-A521-9DF5BFC963F7}"
EndProject
Project("{FAE04EC0-301F-11D3-BF4B-00C04F79EFBC}") = "Assignment8", "Assignment8\Assignment8.csproj", "{40665D38-B1BF-4130-AB38-8DFAB4E2C6CD}"
EndProject
Project("{FAE04EC0-301F-11D3-BF4B-00C04F79EFBC}") = "Assignment10", "Assignment10\Assignment10.csproj", "{3581A3A5-451E-4D58-9803-1002E7A80CE2}"
EndProject
Global
	GlobalSection(SolutionConfigurationPlatforms) = preSolution
		Debug|Any CPU = Debug|Any CPU
		Release|Any CPU = Release|Any CPU
	EndGlobalSection
	GlobalSection(ProjectConfigurationPlatforms) = postSolution
		{A608D67C-CF09-4E1A-9AFE-B5791106B13F}.Debug|Any CPU.ActiveCfg = Debug|Any CPU
		{A608D67C-CF09-4E1A-9AFE-B5791106B13F}.Debug|Any CPU.Build.0 = Debug|Any CPU
		{A608D67C-CF09-4E1A-9AFE-B5791106B13F}.Release|Any CPU.ActiveCfg = Release|Any CPU
		{A608D67C-CF09-4E1A-9AFE-B5791106B13F}.Release|Any CPU.Build.0 = Release|Any CPU
		{FC41AF8E-A10E-4AF2-900B-B03FC766B837}.Debug|Any CPU.ActiveCfg = Debug|Any CPU
		{FC41AF8E-A10E-4AF2-900B-B03FC766B837}.Debug|Any CPU.Build.0 = Debug|Any CPU
		{FC41AF8E-A10E-4AF2-900B-B03FC766B837}.Release|Any CPU.ActiveCfg = Release|Any CPU
		{FC41AF8E-A10E-4AF2-900B-B03FC766B837}.Release|Any CPU.Build.0 = Release|Any CPU
		{6A62BD5F-FA0D-4059-A340-501FC5F05D70}.Debug|Any CPU.ActiveCfg = Debug|Any CPU
		{6A62BD5F-FA0D-4059-A340-501FC5F05D70}.Debug|Any CPU.Build.0 = Debug|Any CPU
		{6A62BD5F-FA0D-4059-A340-501FC5F05D70}.Release|Any CPU.ActiveCfg = Release|Any CPU
		{6A62BD5F-FA0D-4059-A340-501FC5F05D70}.Release|Any CPU.Build.0 = Release|Any CPU
		{CE2207D3-0238-4246-B12E-8A0703105600}.Debug|Any CPU.ActiveCfg = Debug|Any CPU
		{CE2207D3-0238-4246-B12E-8A0703105600}.Debug|Any CPU.Build.0 = Debug|Any CPU
		{CE2207D3-0238-4246-B12E-8A0703105600}.Release|Any CPU.ActiveCfg = Release|Any CPU
		{CE2207D3-0238-4246-B12E-8A0703105600}.Release|Any CPU.Build.0 = Release|Any CPU
		{742A7C19-C2C2-4373-98A4-5FDDDA926A5B}.Debug|Any CPU.ActiveCfg = Debug|Any CPU
		{742A7C19-C2C2-4373-98A4-5FDDDA926A5B}.Debug|Any CPU.Build.0 = Debug|Any CPU
		{742A7C19-C2C2-4373-98A4-5FDDDA926A5B}.Release|Any CPU.ActiveCfg = Release|Any CPU
		{742A7C19-C2C2-4373-98A4-5FDDDA926A5B}.Release|Any CPU.Build.0 = Release|Any CPU
		{39C97C2C-1EB6-44C9-A521-9DF5BFC963F7}.Debug|Any CPU.ActiveCfg = Debug|Any CPU
		{39C97C2C-1EB6-44C9-A521-9DF5BFC963F7}.Debug|Any CPU.Build.0 = Debug|Any CPU
		{39C97C2C-1EB6-44C9-A521-9DF5BFC963F7}.Release|Any CPU.ActiveCfg = Release|Any CPU
		{39C97C2C-1EB6-44C9-A521-9DF5BFC963F7}.Release|Any CPU.Build.0 = Release|Any CPU
		{40665D38-B1BF-4130-AB38-8DFAB4E2C6CD}.Debug|Any CPU.ActiveCfg = Debug|Any CPU
		{40665D38-B1BF-4130-AB38-8DFAB4E2C6CD}.Debug|Any CPU.Build.0 = Debug|Any CPU
		{40665D38-B1BF-4130-AB38-8DFAB4E2C6CD}.Release|Any CPU.ActiveCfg = Release|Any CPU
		{40665D38-B1BF-4130-AB38-8DFAB4E2C6CD}.Release|Any CPU.Build.0 = Release|Any CPU
		{3581A3A5-451E-4D58-9803-1002E7A80CE2}.Debug|Any CPU.ActiveCfg = Debug|Any CPU
		{3581A3A5-451E-4D58-9803-1002E7A80CE2}.Debug|Any CPU.Build.0 = Debug|Any CPU
		{3581A3A5-451E-4D58-9803-1002E7A80CE2}.Release|Any CPU.ActiveCfg = Release|Any CPU
		{3581A3A5-451E-4D58-9803-1002E7A80CE2}.Release|Any CPU.Build.0 = Release|Any CPU
	EndGlobalSection
	GlobalSection(SolutionProperties) = preSolution
		HideSolutionNode = FALSE
	EndGlobalSection
	GlobalSection(ExtensibilityGlobals) = postSolution
		SolutionGuid = {53FCDBB6-7E1F-4CB8-A907-C8968391925C}
	EndGlobalSection
EndGlobal
